
Microsoft Visual Studio Solution File, Format Version 12.00
# Visual Studio Version 17
VisualStudioVersion = 17.7.34003.232
MinimumVisualStudioVersion = 10.0.40219.1
Project("{FAE04EC0-301F-11D3-BF4B-00C04F79EFBC}") = "rfid", "rfid.csproj", "{00586ACE-D691-4169-BBFB-F417D2A728EB}"
EndProject
Global
	GlobalSection(SolutionConfigurationPlatforms) = preSolution
		Debug|Any CPU = Debug|Any CPU
		Release|Any CPU = Release|Any CPU
	EndGlobalSection
	GlobalSection(ProjectConfigurationPlatforms) = postSolution
		{00586ACE-D691-4169-BBFB-F417D2A728EB}.Debug|Any CPU.ActiveCfg = Debug|Any CPU
		{00586ACE-D691-4169-BBFB-F417D2A728EB}.Debug|Any CPU.Build.0 = Debug|Any CPU
		{00586ACE-D691-4169-BBFB-F417D2A728EB}.Release|Any CPU.ActiveCfg = Release|Any CPU
		{00586ACE-D691-4169-BBFB-F417D2A728EB}.Release|Any CPU.Build.0 = Release|Any CPU
	EndGlobalSection
	GlobalSection(SolutionProperties) = preSolution
		HideSolutionNode = FALSE
	EndGlobalSection
	GlobalSection(ExtensibilityGlobals) = postSolution
		SolutionGuid = {6E9DEF07-8A14-4552-A61D-F88834108DA7}
	EndGlobalSection
EndGlobal
